
Microsoft Visual Studio Solution File, Format Version 12.00
# Visual Studio 15
VisualStudioVersion = 15.0.27703.2000
MinimumVisualStudioVersion = 10.0.40219.1
Project("{9A19103F-16F7-4668-BE54-9A1E7A4F7556}") = "Rcv.ControllerBase", "Rcv.ControllerBase\Rcv.ControllerBase.csproj", "{76ED844E-319F-431A-8137-C5FBB42AEF7F}"
EndProject
Global
	GlobalSection(SolutionConfigurationPlatforms) = preSolution
		Debug|Any CPU = Debug|Any CPU
		Release|Any CPU = Release|Any CPU
	EndGlobalSection
	GlobalSection(ProjectConfigurationPlatforms) = postSolution
		{76ED844E-319F-431A-8137-C5FBB42AEF7F}.Debug|Any CPU.ActiveCfg = Debug|Any CPU
		{76ED844E-319F-431A-8137-C5FBB42AEF7F}.Debug|Any CPU.Build.0 = Debug|Any CPU
		{76ED844E-319F-431A-8137-C5FBB42AEF7F}.Release|Any CPU.ActiveCfg = Release|Any CPU
		{76ED844E-319F-431A-8137-C5FBB42AEF7F}.Release|Any CPU.Build.0 = Release|Any CPU
	EndGlobalSection
	GlobalSection(SolutionProperties) = preSolution
		HideSolutionNode = FALSE
	EndGlobalSection
	GlobalSection(ExtensibilityGlobals) = postSolution
		SolutionGuid = {D69CCA31-A3A8-4CAB-BEBA-9E6E000974A7}
	EndGlobalSection
EndGlobal
