
Microsoft Visual Studio Solution File, Format Version 12.00
# Visual Studio 15
VisualStudioVersion = 15.0.27703.2000
MinimumVisualStudioVersion = 10.0.40219.1
Project("{9A19103F-16F7-4668-BE54-9A1E7A4F7556}") = "Rcv.LabelTool.Backend", "Rcv.Labeltool.Backend\Rcv.LabelTool.Backend.csproj", "{69D78E52-D898-4E74-9FCC-A3BE56003990}"
EndProject
Project("{9A19103F-16F7-4668-BE54-9A1E7A4F7556}") = "Rcv.LabelTool.Contracts", "Rcv.Labeltool.Contracts\Rcv.LabelTool.Contracts.csproj", "{11D0ED0F-6F2A-4836-A8BD-B6179B7BB604}"
EndProject
Project("{9A19103F-16F7-4668-BE54-9A1E7A4F7556}") = "Rcv.LabelTool.Services", "Rcv.Labeltool.Services\Rcv.LabelTool.Services.csproj", "{B887B39E-ECBE-4391-8C64-5A6820E4EF51}"
EndProject
Project("{9A19103F-16F7-4668-BE54-9A1E7A4F7556}") = "Rcv.LabelTool.Logic", "Rcv.LabelTool.Logic\Rcv.LabelTool.Logic.csproj", "{D784CA3E-9833-423F-942B-87EF4021C296}"
EndProject
Global
	GlobalSection(SolutionConfigurationPlatforms) = preSolution
		Debug|Any CPU = Debug|Any CPU
		Release|Any CPU = Release|Any CPU
	EndGlobalSection
	GlobalSection(ProjectConfigurationPlatforms) = postSolution
		{69D78E52-D898-4E74-9FCC-A3BE56003990}.Debug|Any CPU.ActiveCfg = Debug|Any CPU
		{69D78E52-D898-4E74-9FCC-A3BE56003990}.Debug|Any CPU.Build.0 = Debug|Any CPU
		{69D78E52-D898-4E74-9FCC-A3BE56003990}.Release|Any CPU.ActiveCfg = Release|Any CPU
		{69D78E52-D898-4E74-9FCC-A3BE56003990}.Release|Any CPU.Build.0 = Release|Any CPU
		{11D0ED0F-6F2A-4836-A8BD-B6179B7BB604}.Debug|Any CPU.ActiveCfg = Debug|Any CPU
		{11D0ED0F-6F2A-4836-A8BD-B6179B7BB604}.Debug|Any CPU.Build.0 = Debug|Any CPU
		{11D0ED0F-6F2A-4836-A8BD-B6179B7BB604}.Release|Any CPU.ActiveCfg = Release|Any CPU
		{11D0ED0F-6F2A-4836-A8BD-B6179B7BB604}.Release|Any CPU.Build.0 = Release|Any CPU
		{B887B39E-ECBE-4391-8C64-5A6820E4EF51}.Debug|Any CPU.ActiveCfg = Debug|Any CPU
		{B887B39E-ECBE-4391-8C64-5A6820E4EF51}.Debug|Any CPU.Build.0 = Debug|Any CPU
		{B887B39E-ECBE-4391-8C64-5A6820E4EF51}.Release|Any CPU.ActiveCfg = Release|Any CPU
		{B887B39E-ECBE-4391-8C64-5A6820E4EF51}.Release|Any CPU.Build.0 = Release|Any CPU
		{D784CA3E-9833-423F-942B-87EF4021C296}.Debug|Any CPU.ActiveCfg = Debug|Any CPU
		{D784CA3E-9833-423F-942B-87EF4021C296}.Debug|Any CPU.Build.0 = Debug|Any CPU
		{D784CA3E-9833-423F-942B-87EF4021C296}.Release|Any CPU.ActiveCfg = Release|Any CPU
		{D784CA3E-9833-423F-942B-87EF4021C296}.Release|Any CPU.Build.0 = Release|Any CPU
	EndGlobalSection
	GlobalSection(SolutionProperties) = preSolution
		HideSolutionNode = FALSE
	EndGlobalSection
	GlobalSection(ExtensibilityGlobals) = postSolution
		SolutionGuid = {A3D766F7-6AF1-4AF1-9734-69DC75930B5F}
	EndGlobalSection
EndGlobal
