
Microsoft Visual Studio Solution File, Format Version 12.00
# Visual Studio 15
VisualStudioVersion = 15.0.27703.2000
MinimumVisualStudioVersion = 10.0.40219.1
Project("{9A19103F-16F7-4668-BE54-9A1E7A4F7556}") = "Rcv.HttpUtils", "Rcv.HttpUtils\Rcv.HttpUtils.csproj", "{5011E273-F3B1-4AB0-A031-7AA188F6F87E}"
EndProject
Project("{FAE04EC0-301F-11D3-BF4B-00C04F79EFBC}") = "Rcv.HttpUtils.Tests", "Rcv.HttpUtils.Tests\Rcv.HttpUtils.Tests.csproj", "{945BE47D-C2CB-4196-9352-C4978E90F73F}"
EndProject
Global
	GlobalSection(SolutionConfigurationPlatforms) = preSolution
		Debug|Any CPU = Debug|Any CPU
		Release|Any CPU = Release|Any CPU
	EndGlobalSection
	GlobalSection(ProjectConfigurationPlatforms) = postSolution
		{5011E273-F3B1-4AB0-A031-7AA188F6F87E}.Debug|Any CPU.ActiveCfg = Debug|Any CPU
		{5011E273-F3B1-4AB0-A031-7AA188F6F87E}.Debug|Any CPU.Build.0 = Debug|Any CPU
		{5011E273-F3B1-4AB0-A031-7AA188F6F87E}.Release|Any CPU.ActiveCfg = Release|Any CPU
		{5011E273-F3B1-4AB0-A031-7AA188F6F87E}.Release|Any CPU.Build.0 = Release|Any CPU
		{945BE47D-C2CB-4196-9352-C4978E90F73F}.Debug|Any CPU.ActiveCfg = Debug|Any CPU
		{945BE47D-C2CB-4196-9352-C4978E90F73F}.Debug|Any CPU.Build.0 = Debug|Any CPU
		{945BE47D-C2CB-4196-9352-C4978E90F73F}.Release|Any CPU.ActiveCfg = Release|Any CPU
		{945BE47D-C2CB-4196-9352-C4978E90F73F}.Release|Any CPU.Build.0 = Release|Any CPU
	EndGlobalSection
	GlobalSection(SolutionProperties) = preSolution
		HideSolutionNode = FALSE
	EndGlobalSection
	GlobalSection(ExtensibilityGlobals) = postSolution
		SolutionGuid = {D69CCA31-A3A8-4CAB-BEBA-9E6E000974A7}
	EndGlobalSection
EndGlobal
