
Microsoft Visual Studio Solution File, Format Version 12.00
# Visual Studio 15
VisualStudioVersion = 15.0.27703.2026
MinimumVisualStudioVersion = 10.0.40219.1
Project("{9A19103F-16F7-4668-BE54-9A1E7A4F7556}") = "RCV-FileContainer", "RCV-FileContainer\RCV-FileContainer.csproj", "{F6753738-2DF1-4414-B581-2FDEE176003B}"
EndProject
Project("{FAE04EC0-301F-11D3-BF4B-00C04F79EFBC}") = "RCV-FileContainer.Test", "RCV-FileContainer.Test\RCV-FileContainer.Test.csproj", "{308AF2D2-E819-4A36-B443-03A6D9888428}"
EndProject
Global
	GlobalSection(SolutionConfigurationPlatforms) = preSolution
		Debug|Any CPU = Debug|Any CPU
		Release|Any CPU = Release|Any CPU
	EndGlobalSection
	GlobalSection(ProjectConfigurationPlatforms) = postSolution
		{F6753738-2DF1-4414-B581-2FDEE176003B}.Debug|Any CPU.ActiveCfg = Debug|Any CPU
		{F6753738-2DF1-4414-B581-2FDEE176003B}.Debug|Any CPU.Build.0 = Debug|Any CPU
		{F6753738-2DF1-4414-B581-2FDEE176003B}.Release|Any CPU.ActiveCfg = Release|Any CPU
		{F6753738-2DF1-4414-B581-2FDEE176003B}.Release|Any CPU.Build.0 = Release|Any CPU
		{308AF2D2-E819-4A36-B443-03A6D9888428}.Debug|Any CPU.ActiveCfg = Debug|Any CPU
		{308AF2D2-E819-4A36-B443-03A6D9888428}.Debug|Any CPU.Build.0 = Debug|Any CPU
		{308AF2D2-E819-4A36-B443-03A6D9888428}.Release|Any CPU.ActiveCfg = Release|Any CPU
		{308AF2D2-E819-4A36-B443-03A6D9888428}.Release|Any CPU.Build.0 = Release|Any CPU
	EndGlobalSection
	GlobalSection(SolutionProperties) = preSolution
		HideSolutionNode = FALSE
	EndGlobalSection
	GlobalSection(ExtensibilityGlobals) = postSolution
		SolutionGuid = {9441997A-57D6-4563-B6F1-9034D34DFEC0}
	EndGlobalSection
EndGlobal
