
Microsoft Visual Studio Solution File, Format Version 12.00
# Visual Studio 15
VisualStudioVersion = 15.0.28307.489
MinimumVisualStudioVersion = 10.0.40219.1
Project("{FAE04EC0-301F-11D3-BF4B-00C04F79EFBC}") = "Rcv.SwaggerExtensions", "Rcv.SwaggerExtensions\Rcv.SwaggerExtensions.csproj", "{4BB7A839-5562-47D8-97F4-5963B01F0FA9}"
EndProject
Global
	GlobalSection(SolutionConfigurationPlatforms) = preSolution
		Debug|Any CPU = Debug|Any CPU
		Release|Any CPU = Release|Any CPU
	EndGlobalSection
	GlobalSection(ProjectConfigurationPlatforms) = postSolution
		{4BB7A839-5562-47D8-97F4-5963B01F0FA9}.Debug|Any CPU.ActiveCfg = Debug|Any CPU
		{4BB7A839-5562-47D8-97F4-5963B01F0FA9}.Debug|Any CPU.Build.0 = Debug|Any CPU
		{4BB7A839-5562-47D8-97F4-5963B01F0FA9}.Release|Any CPU.ActiveCfg = Release|Any CPU
		{4BB7A839-5562-47D8-97F4-5963B01F0FA9}.Release|Any CPU.Build.0 = Release|Any CPU
	EndGlobalSection
	GlobalSection(SolutionProperties) = preSolution
		HideSolutionNode = FALSE
	EndGlobalSection
	GlobalSection(ExtensibilityGlobals) = postSolution
		SolutionGuid = {26073DB4-F62C-4206-B7EB-FFF7B52BC3D1}
	EndGlobalSection
EndGlobal
