
Microsoft Visual Studio Solution File, Format Version 12.00
# Visual Studio 15
VisualStudioVersion = 15.0.28307.136
MinimumVisualStudioVersion = 10.0.40219.1
Project("{FAE04EC0-301F-11D3-BF4B-00C04F79EFBC}") = "Rcv.FileUtils", "Rcv.FileUtils\Rcv.FileUtils.csproj", "{D63FA055-BC11-444B-B49B-8579BDE457B3}"
EndProject
Global
	GlobalSection(SolutionConfigurationPlatforms) = preSolution
		Debug|Any CPU = Debug|Any CPU
		Release|Any CPU = Release|Any CPU
	EndGlobalSection
	GlobalSection(ProjectConfigurationPlatforms) = postSolution
		{D63FA055-BC11-444B-B49B-8579BDE457B3}.Debug|Any CPU.ActiveCfg = Debug|Any CPU
		{D63FA055-BC11-444B-B49B-8579BDE457B3}.Debug|Any CPU.Build.0 = Debug|Any CPU
		{D63FA055-BC11-444B-B49B-8579BDE457B3}.Release|Any CPU.ActiveCfg = Release|Any CPU
		{D63FA055-BC11-444B-B49B-8579BDE457B3}.Release|Any CPU.Build.0 = Release|Any CPU
	EndGlobalSection
	GlobalSection(SolutionProperties) = preSolution
		HideSolutionNode = FALSE
	EndGlobalSection
	GlobalSection(ExtensibilityGlobals) = postSolution
		SolutionGuid = {A1A9B4FB-9E1F-476B-AAC8-5B67B92CAC97}
	EndGlobalSection
EndGlobal
