
Microsoft Visual Studio Solution File, Format Version 12.00
# Visual Studio 15
VisualStudioVersion = 15.0.27703.2000
MinimumVisualStudioVersion = 10.0.40219.1
Project("{9A19103F-16F7-4668-BE54-9A1E7A4F7556}") = "Rcv.ScriptHost", "Rcv.ScriptHost\Rcv.ScriptHost.csproj", "{91C81735-A4DB-48E4-967B-466F90A036A7}"
EndProject
Project("{9A19103F-16F7-4668-BE54-9A1E7A4F7556}") = "Rcv.ScriptHost.Logic", "Rcv.ScriptHost.Logic\Rcv.ScriptHost.Logic.csproj", "{F81D7300-39C8-42D1-ABA9-31745AF1799D}"
EndProject
Project("{9A19103F-16F7-4668-BE54-9A1E7A4F7556}") = "Rcv.ScriptHost.Services", "Rcv.ScriptHost.Services\Rcv.ScriptHost.Services.csproj", "{AAB2C326-0704-4FC9-9522-93C96A23A0C1}"
EndProject
Project("{9A19103F-16F7-4668-BE54-9A1E7A4F7556}") = "Rcv.ScriptClient", "Rcv.ScriptClient\Rcv.ScriptClient.csproj", "{66813F51-CE08-4C78-B169-AC1D1AB1B0BC}"
EndProject
Project("{9A19103F-16F7-4668-BE54-9A1E7A4F7556}") = "Rcv.ScriptHost.Contracts", "Rcv.ScriptHost.Contracts\Rcv.ScriptHost.Contracts.csproj", "{C97666D5-65B7-4BC2-AD02-E4F0C2C838D4}"
EndProject
Global
	GlobalSection(SolutionConfigurationPlatforms) = preSolution
		Debug|Any CPU = Debug|Any CPU
		Release|Any CPU = Release|Any CPU
	EndGlobalSection
	GlobalSection(ProjectConfigurationPlatforms) = postSolution
		{91C81735-A4DB-48E4-967B-466F90A036A7}.Debug|Any CPU.ActiveCfg = Debug|Any CPU
		{91C81735-A4DB-48E4-967B-466F90A036A7}.Debug|Any CPU.Build.0 = Debug|Any CPU
		{91C81735-A4DB-48E4-967B-466F90A036A7}.Release|Any CPU.ActiveCfg = Release|Any CPU
		{91C81735-A4DB-48E4-967B-466F90A036A7}.Release|Any CPU.Build.0 = Release|Any CPU
		{F81D7300-39C8-42D1-ABA9-31745AF1799D}.Debug|Any CPU.ActiveCfg = Debug|Any CPU
		{F81D7300-39C8-42D1-ABA9-31745AF1799D}.Debug|Any CPU.Build.0 = Debug|Any CPU
		{F81D7300-39C8-42D1-ABA9-31745AF1799D}.Release|Any CPU.ActiveCfg = Release|Any CPU
		{F81D7300-39C8-42D1-ABA9-31745AF1799D}.Release|Any CPU.Build.0 = Release|Any CPU
		{AAB2C326-0704-4FC9-9522-93C96A23A0C1}.Debug|Any CPU.ActiveCfg = Debug|Any CPU
		{AAB2C326-0704-4FC9-9522-93C96A23A0C1}.Debug|Any CPU.Build.0 = Debug|Any CPU
		{AAB2C326-0704-4FC9-9522-93C96A23A0C1}.Release|Any CPU.ActiveCfg = Release|Any CPU
		{AAB2C326-0704-4FC9-9522-93C96A23A0C1}.Release|Any CPU.Build.0 = Release|Any CPU
		{66813F51-CE08-4C78-B169-AC1D1AB1B0BC}.Debug|Any CPU.ActiveCfg = Debug|Any CPU
		{66813F51-CE08-4C78-B169-AC1D1AB1B0BC}.Debug|Any CPU.Build.0 = Debug|Any CPU
		{66813F51-CE08-4C78-B169-AC1D1AB1B0BC}.Release|Any CPU.ActiveCfg = Release|Any CPU
		{66813F51-CE08-4C78-B169-AC1D1AB1B0BC}.Release|Any CPU.Build.0 = Release|Any CPU
		{C97666D5-65B7-4BC2-AD02-E4F0C2C838D4}.Debug|Any CPU.ActiveCfg = Debug|Any CPU
		{C97666D5-65B7-4BC2-AD02-E4F0C2C838D4}.Debug|Any CPU.Build.0 = Debug|Any CPU
		{C97666D5-65B7-4BC2-AD02-E4F0C2C838D4}.Release|Any CPU.ActiveCfg = Release|Any CPU
		{C97666D5-65B7-4BC2-AD02-E4F0C2C838D4}.Release|Any CPU.Build.0 = Release|Any CPU
	EndGlobalSection
	GlobalSection(SolutionProperties) = preSolution
		HideSolutionNode = FALSE
	EndGlobalSection
	GlobalSection(ExtensibilityGlobals) = postSolution
		SolutionGuid = {7DCE0F26-C954-45D9-996D-039D710FACF9}
	EndGlobalSection
EndGlobal
